
Microsoft Visual Studio Solution File, Format Version 12.00
# Visual Studio Version 17
VisualStudioVersion = 17.7.34031.279
MinimumVisualStudioVersion = 10.0.40219.1
Project("{FAE04EC0-301F-11D3-BF4B-00C04F79EFBC}") = "gameproject", "gameproject\gameproject.csproj", "{145BCF4E-94BD-45C0-9DD8-DE6B499131AB}"
EndProject
Global
	GlobalSection(SolutionConfigurationPlatforms) = preSolution
		Debug|Any CPU = Debug|Any CPU
		Release|Any CPU = Release|Any CPU
	EndGlobalSection
	GlobalSection(ProjectConfigurationPlatforms) = postSolution
		{145BCF4E-94BD-45C0-9DD8-DE6B499131AB}.Debug|Any CPU.ActiveCfg = Debug|Any CPU
		{145BCF4E-94BD-45C0-9DD8-DE6B499131AB}.Debug|Any CPU.Build.0 = Debug|Any CPU
		{145BCF4E-94BD-45C0-9DD8-DE6B499131AB}.Release|Any CPU.ActiveCfg = Release|Any CPU
		{145BCF4E-94BD-45C0-9DD8-DE6B499131AB}.Release|Any CPU.Build.0 = Release|Any CPU
	EndGlobalSection
	GlobalSection(SolutionProperties) = preSolution
		HideSolutionNode = FALSE
	EndGlobalSection
	GlobalSection(ExtensibilityGlobals) = postSolution
		SolutionGuid = {DD0D026C-5EA2-4E26-BAF1-02549E43F61D}
	EndGlobalSection
EndGlobal
